
Microsoft Visual Studio Solution File, Format Version 12.00
# Visual Studio Version 16
VisualStudioVersion = 16.0.29613.14
MinimumVisualStudioVersion = 10.0.40219.1
Project("{FAE04EC0-301F-11D3-BF4B-00C04F79EFBC}") = "Vypinac", "Vypinac\Vypinac.csproj", "{30301952-3B37-4D60-9906-931473E98C99}"
EndProject
Global
	GlobalSection(SolutionConfigurationPlatforms) = preSolution
		Debug|Any CPU = Debug|Any CPU
		Release|Any CPU = Release|Any CPU
	EndGlobalSection
	GlobalSection(ProjectConfigurationPlatforms) = postSolution
		{30301952-3B37-4D60-9906-931473E98C99}.Debug|Any CPU.ActiveCfg = Debug|Any CPU
		{30301952-3B37-4D60-9906-931473E98C99}.Debug|Any CPU.Build.0 = Debug|Any CPU
		{30301952-3B37-4D60-9906-931473E98C99}.Release|Any CPU.ActiveCfg = Release|Any CPU
		{30301952-3B37-4D60-9906-931473E98C99}.Release|Any CPU.Build.0 = Release|Any CPU
	EndGlobalSection
	GlobalSection(SolutionProperties) = preSolution
		HideSolutionNode = FALSE
	EndGlobalSection
	GlobalSection(ExtensibilityGlobals) = postSolution
		SolutionGuid = {F3523901-C626-4F35-BD39-79895D783DB5}
	EndGlobalSection
EndGlobal
